
Microsoft Visual Studio Solution File, Format Version 12.00
# Visual Studio Version 17
VisualStudioVersion = 17.4.33213.308
MinimumVisualStudioVersion = 10.0.40219.1
Project("{FAE04EC0-301F-11D3-BF4B-00C04F79EFBC}") = "intro", "intro\intro.csproj", "{166880D7-65F5-4AD0-982C-2CD20A346A47}"
EndProject
Global
	GlobalSection(SolutionConfigurationPlatforms) = preSolution
		Debug|Any CPU = Debug|Any CPU
		Release|Any CPU = Release|Any CPU
	EndGlobalSection
	GlobalSection(ProjectConfigurationPlatforms) = postSolution
		{166880D7-65F5-4AD0-982C-2CD20A346A47}.Debug|Any CPU.ActiveCfg = Debug|Any CPU
		{166880D7-65F5-4AD0-982C-2CD20A346A47}.Debug|Any CPU.Build.0 = Debug|Any CPU
		{166880D7-65F5-4AD0-982C-2CD20A346A47}.Release|Any CPU.ActiveCfg = Release|Any CPU
		{166880D7-65F5-4AD0-982C-2CD20A346A47}.Release|Any CPU.Build.0 = Release|Any CPU
	EndGlobalSection
	GlobalSection(SolutionProperties) = preSolution
		HideSolutionNode = FALSE
	EndGlobalSection
	GlobalSection(ExtensibilityGlobals) = postSolution
		SolutionGuid = {8AC0FD96-CB60-4E88-984B-76255846D655}
	EndGlobalSection
EndGlobal
